
Microsoft Visual Studio Solution File, Format Version 12.00
# Visual Studio Version 16
VisualStudioVersion = 16.0.29306.81
MinimumVisualStudioVersion = 10.0.40219.1
Project("{FAE04EC0-301F-11D3-BF4B-00C04F79EFBC}") = "Projekt_Bankomat_Piotr_Brodziak", "Projekt_Bankomat_Piotr_Brodziak\Projekt_Bankomat_Piotr_Brodziak.csproj", "{ADAF103F-220F-4D2A-9346-CB563D0B0F8D}"
EndProject
Global
	GlobalSection(SolutionConfigurationPlatforms) = preSolution
		Debug|Any CPU = Debug|Any CPU
		Release|Any CPU = Release|Any CPU
	EndGlobalSection
	GlobalSection(ProjectConfigurationPlatforms) = postSolution
		{ADAF103F-220F-4D2A-9346-CB563D0B0F8D}.Debug|Any CPU.ActiveCfg = Debug|Any CPU
		{ADAF103F-220F-4D2A-9346-CB563D0B0F8D}.Debug|Any CPU.Build.0 = Debug|Any CPU
		{ADAF103F-220F-4D2A-9346-CB563D0B0F8D}.Release|Any CPU.ActiveCfg = Release|Any CPU
		{ADAF103F-220F-4D2A-9346-CB563D0B0F8D}.Release|Any CPU.Build.0 = Release|Any CPU
	EndGlobalSection
	GlobalSection(SolutionProperties) = preSolution
		HideSolutionNode = FALSE
	EndGlobalSection
	GlobalSection(ExtensibilityGlobals) = postSolution
		SolutionGuid = {15AAB670-4A60-49C2-A749-AF25A08F7897}
	EndGlobalSection
EndGlobal
